
Microsoft Visual Studio Solution File, Format Version 12.00
# Visual Studio Version 17
VisualStudioVersion = 17.10.35013.160
MinimumVisualStudioVersion = 10.0.40219.1
Project("{FAE04EC0-301F-11D3-BF4B-00C04F79EFBC}") = "25.06", "25.06\25.06.csproj", "{570D5A4E-5B60-4659-A5D9-6ED3220A6F04}"
EndProject
Global
	GlobalSection(SolutionConfigurationPlatforms) = preSolution
		Debug|Any CPU = Debug|Any CPU
		Release|Any CPU = Release|Any CPU
	EndGlobalSection
	GlobalSection(ProjectConfigurationPlatforms) = postSolution
		{570D5A4E-5B60-4659-A5D9-6ED3220A6F04}.Debug|Any CPU.ActiveCfg = Debug|Any CPU
		{570D5A4E-5B60-4659-A5D9-6ED3220A6F04}.Debug|Any CPU.Build.0 = Debug|Any CPU
		{570D5A4E-5B60-4659-A5D9-6ED3220A6F04}.Release|Any CPU.ActiveCfg = Release|Any CPU
		{570D5A4E-5B60-4659-A5D9-6ED3220A6F04}.Release|Any CPU.Build.0 = Release|Any CPU
	EndGlobalSection
	GlobalSection(SolutionProperties) = preSolution
		HideSolutionNode = FALSE
	EndGlobalSection
	GlobalSection(ExtensibilityGlobals) = postSolution
		SolutionGuid = {4E4EF9F6-3212-4015-8DFF-1A0BF7F70AC5}
	EndGlobalSection
EndGlobal
