
Microsoft Visual Studio Solution File, Format Version 12.00
# Visual Studio Version 17
VisualStudioVersion = 17.10.35013.160
MinimumVisualStudioVersion = 10.0.40219.1
Project("{FAE04EC0-301F-11D3-BF4B-00C04F79EFBC}") = "2--07", "2--07\2--07.csproj", "{2E3751A3-AE90-4317-8EFE-AD6E28860185}"
EndProject
Global
	GlobalSection(SolutionConfigurationPlatforms) = preSolution
		Debug|Any CPU = Debug|Any CPU
		Release|Any CPU = Release|Any CPU
	EndGlobalSection
	GlobalSection(ProjectConfigurationPlatforms) = postSolution
		{2E3751A3-AE90-4317-8EFE-AD6E28860185}.Debug|Any CPU.ActiveCfg = Debug|Any CPU
		{2E3751A3-AE90-4317-8EFE-AD6E28860185}.Debug|Any CPU.Build.0 = Debug|Any CPU
		{2E3751A3-AE90-4317-8EFE-AD6E28860185}.Release|Any CPU.ActiveCfg = Release|Any CPU
		{2E3751A3-AE90-4317-8EFE-AD6E28860185}.Release|Any CPU.Build.0 = Release|Any CPU
	EndGlobalSection
	GlobalSection(SolutionProperties) = preSolution
		HideSolutionNode = FALSE
	EndGlobalSection
	GlobalSection(ExtensibilityGlobals) = postSolution
		SolutionGuid = {88F702C7-4977-4C5C-880B-731131C025F3}
	EndGlobalSection
EndGlobal
