
Microsoft Visual Studio Solution File, Format Version 12.00
# Visual Studio Version 17
VisualStudioVersion = 17.10.35013.160
MinimumVisualStudioVersion = 10.0.40219.1
Project("{FAE04EC0-301F-11D3-BF4B-00C04F79EFBC}") = "3-07 - task - 2", "3-07 - task - 2\3-07 - task - 2.csproj", "{C7F1981D-21FC-4E90-BBC0-7AC0D37BA515}"
EndProject
Global
	GlobalSection(SolutionConfigurationPlatforms) = preSolution
		Debug|Any CPU = Debug|Any CPU
		Release|Any CPU = Release|Any CPU
	EndGlobalSection
	GlobalSection(ProjectConfigurationPlatforms) = postSolution
		{C7F1981D-21FC-4E90-BBC0-7AC0D37BA515}.Debug|Any CPU.ActiveCfg = Debug|Any CPU
		{C7F1981D-21FC-4E90-BBC0-7AC0D37BA515}.Debug|Any CPU.Build.0 = Debug|Any CPU
		{C7F1981D-21FC-4E90-BBC0-7AC0D37BA515}.Release|Any CPU.ActiveCfg = Release|Any CPU
		{C7F1981D-21FC-4E90-BBC0-7AC0D37BA515}.Release|Any CPU.Build.0 = Release|Any CPU
	EndGlobalSection
	GlobalSection(SolutionProperties) = preSolution
		HideSolutionNode = FALSE
	EndGlobalSection
	GlobalSection(ExtensibilityGlobals) = postSolution
		SolutionGuid = {8F9C64C6-27B5-4FA6-9A79-108CF570B29B}
	EndGlobalSection
EndGlobal
